Microsoft Visual Studio Solution File, Format Version 12.00
# Visual Studio Version 17
VisualStudioVersion = 17.6.33723.286
MinimumVisualStudioVersion = 10.0.40219.1
Project("{9A19103F-16F7-4668-BE54-9A1E7A4F7556}") = "ExplosiveRadius", "ExplosiveRadius\ExplosiveRadius.csproj", "{184C4511-61BA-419B-A63E-416226B5D3CC}"
EndProject
Global
	GlobalSection(SolutionConfigurationPlatforms) = preSolution
		Debug|Any CPU = Debug|Any CPU
		Release|Any CPU = Release|Any CPU
	EndGlobalSection
	GlobalSection(ProjectConfigurationPlatforms) = postSolution
		{184C4511-61BA-419B-A63E-416226B5D3CC}.Debug|Any CPU.ActiveCfg = Debug|Any CPU
		{184C4511-61BA-419B-A63E-416226B5D3CC}.Debug|Any CPU.Build.0 = Debug|Any CPU
		{184C4511-61BA-419B-A63E-416226B5D3CC}.Release|Any CPU.ActiveCfg = Release|Any CPU
		{184C4511-61BA-419B-A63E-416226B5D3CC}.Release|Any CPU.Build.0 = Release|Any CPU
	EndGlobalSection
	GlobalSection(SolutionProperties) = preSolution
		HideSolutionNode = FALSE
	EndGlobalSection
	GlobalSection(ExtensibilityGlobals) = postSolution
		SolutionGuid = {4755d4de-6e77-467c-ab8c-6b896dfda60a}
	EndGlobalSection
EndGlobal
